
Microsoft Visual Studio Solution File, Format Version 12.00
# Visual Studio Version 17
VisualStudioVersion = 17.1.32210.238
MinimumVisualStudioVersion = 10.0.40219.1
Project("{FAE04EC0-301F-11D3-BF4B-00C04F79EFBC}") = "Ders30", "Ders30.csproj", "{0D981DF7-2128-4A3A-BD79-52D9F740FD7F}"
EndProject
Global
	GlobalSection(SolutionConfigurationPlatforms) = preSolution
		Debug|Any CPU = Debug|Any CPU
		Release|Any CPU = Release|Any CPU
	EndGlobalSection
	GlobalSection(ProjectConfigurationPlatforms) = postSolution
		{0D981DF7-2128-4A3A-BD79-52D9F740FD7F}.Debug|Any CPU.ActiveCfg = Debug|Any CPU
		{0D981DF7-2128-4A3A-BD79-52D9F740FD7F}.Debug|Any CPU.Build.0 = Debug|Any CPU
		{0D981DF7-2128-4A3A-BD79-52D9F740FD7F}.Release|Any CPU.ActiveCfg = Release|Any CPU
		{0D981DF7-2128-4A3A-BD79-52D9F740FD7F}.Release|Any CPU.Build.0 = Release|Any CPU
	EndGlobalSection
	GlobalSection(SolutionProperties) = preSolution
		HideSolutionNode = FALSE
	EndGlobalSection
	GlobalSection(ExtensibilityGlobals) = postSolution
		SolutionGuid = {252BDB23-1B4C-4C3E-9DC0-105F00C6D0B7}
	EndGlobalSection
EndGlobal
